
Microsoft Visual Studio Solution File, Format Version 12.00
# Visual Studio 15
VisualStudioVersion = 15.0.26730.12
MinimumVisualStudioVersion = 10.0.40219.1
Project("{FAE04EC0-301F-11D3-BF4B-00C04F79EFBC}") = "403_MedexProject", "403_MedexProject.csproj", "{3207C8D2-91F0-4562-98D2-810A975746D2}"
EndProject
Global
	GlobalSection(SolutionConfigurationPlatforms) = preSolution
		Debug|Any CPU = Debug|Any CPU
		Release|Any CPU = Release|Any CPU
	EndGlobalSection
	GlobalSection(ProjectConfigurationPlatforms) = postSolution
		{3207C8D2-91F0-4562-98D2-810A975746D2}.Debug|Any CPU.ActiveCfg = Debug|Any CPU
		{3207C8D2-91F0-4562-98D2-810A975746D2}.Debug|Any CPU.Build.0 = Debug|Any CPU
		{3207C8D2-91F0-4562-98D2-810A975746D2}.Release|Any CPU.ActiveCfg = Release|Any CPU
		{3207C8D2-91F0-4562-98D2-810A975746D2}.Release|Any CPU.Build.0 = Release|Any CPU
	EndGlobalSection
	GlobalSection(SolutionProperties) = preSolution
		HideSolutionNode = FALSE
	EndGlobalSection
	GlobalSection(ExtensibilityGlobals) = postSolution
		SolutionGuid = {DE8A2769-E3D4-45A0-9692-5F47CDC9DF33}
	EndGlobalSection
EndGlobal
